
Microsoft Visual Studio Solution File, Format Version 11.00
# Visual Studio 2010
Project("{FAE04EC0-301F-11D3-BF4B-00C04F79EFBC}") = "FesbQuizRace", "Assembly-CSharp.csproj", "{2C57D707-720E-81BC-EC36-EE85F4241375}"
EndProject
Global
	GlobalSection(SolutionConfigurationPlatforms) = preSolution
		Debug|Any CPU = Debug|Any CPU
		Release|Any CPU = Release|Any CPU
	EndGlobalSection
	GlobalSection(ProjectConfigurationPlatforms) = postSolution
		{2C57D707-720E-81BC-EC36-EE85F4241375}.Debug|Any CPU.ActiveCfg = Debug|Any CPU
		{2C57D707-720E-81BC-EC36-EE85F4241375}.Debug|Any CPU.Build.0 = Debug|Any CPU
		{2C57D707-720E-81BC-EC36-EE85F4241375}.Release|Any CPU.ActiveCfg = Release|Any CPU
		{2C57D707-720E-81BC-EC36-EE85F4241375}.Release|Any CPU.Build.0 = Release|Any CPU
	EndGlobalSection
	GlobalSection(SolutionProperties) = preSolution
		HideSolutionNode = FALSE
	EndGlobalSection
	GlobalSection(MonoDevelopProperties) = preSolution
		StartupItem = Assembly-CSharp.csproj
	EndGlobalSection
EndGlobal
